// !$*UTF8*$!
{
	archiveVersion = 1;
	classes = {
	};
	objectVersion = 56;
	objects = {

/* Begin PBXBuildFile section */
		C1EB50965606491EBDC6C89A /* MetricsSnapshot.swift in Sources */ = {isa = PBXBuildFile; fileRef = BB96D7D305144DB29BE5BC8E /* MetricsSnapshot.swift */; };
		F66D7D3E3E704A2D9EDE1A6C /* ServerProfile.swift in Sources */ = {isa = PBXBuildFile; fileRef = 79E392071F66405EB3F6EC72 /* ServerProfile.swift */; };
		D61D8E8430994260B7FB4AF2 /* ServerStatusApp.swift in Sources */ = {isa = PBXBuildFile; fileRef = 78AF4DD9AA7749C39B8F855B /* ServerStatusApp.swift */; };
		B7C1D36E363846CFB2B5B5D9 /* AppBootstrap.swift in Sources */ = {isa = PBXBuildFile; fileRef = 33548442404A4622AB6457BB /* AppBootstrap.swift */; };
		219D0E89E62840049519E23D /* AppModel.swift in Sources */ = {isa = PBXBuildFile; fileRef = 24657A64FEAF4B6793819F84 /* AppModel.swift */; };
		7F978923C3204851BB4A6212 /* Formatters.swift in Sources */ = {isa = PBXBuildFile; fileRef = 43CC7BEB6C104B4998684A6E /* Formatters.swift */; };
		9A17040D11B543E59D95B381 /* KeychainStore.swift in Sources */ = {isa = PBXBuildFile; fileRef = FF02839A099F4D1EB2D70F1F /* KeychainStore.swift */; };
		0F7118ACB48646AEAEB2C4D3 /* PlatformChrome.swift in Sources */ = {isa = PBXBuildFile; fileRef = 66D2D63AE58C47FD856F324E /* PlatformChrome.swift */; };
		179CFAD837A04BB7B3970675 /* PrivateKeyStore.swift in Sources */ = {isa = PBXBuildFile; fileRef = F279A8D4F82F4179A7E8B1B1 /* PrivateKeyStore.swift */; };
		0E17AAA2B13D485589DAE5CC /* RemoteCollectorScript.swift in Sources */ = {isa = PBXBuildFile; fileRef = C64F3B4AC0E34638830530F9 /* RemoteCollectorScript.swift */; };
		B23B839795134918A45DD746 /* SSHSession.swift in Sources */ = {isa = PBXBuildFile; fileRef = 047A939FA7E14260B1EE1DB0 /* SSHSession.swift */; };
		CDBEB273B3D14D66A897AB21 /* AddServerView.swift in Sources */ = {isa = PBXBuildFile; fileRef = FD060AC215F740BD9B09EC6D /* AddServerView.swift */; };
		69E706CA742E43A5ACBBA478 /* DockerPanelView.swift in Sources */ = {isa = PBXBuildFile; fileRef = EDC09F8A34E84E5CA085D606 /* DockerPanelView.swift */; };
		C626F613506D4B3CB0326719 /* GaugeView.swift in Sources */ = {isa = PBXBuildFile; fileRef = EFB06F43C7964AF38D81A63E /* GaugeView.swift */; };
		E37C9AAF7625447F88EEB70A /* OpenClawPanelView.swift in Sources */ = {isa = PBXBuildFile; fileRef = 839C797BD72B407E8E87747F /* OpenClawPanelView.swift */; };
		A9772A242A6B4FB9A2CB48F5 /* ProcessTableView.swift in Sources */ = {isa = PBXBuildFile; fileRef = 06679FC572584ABF8911F3BA /* ProcessTableView.swift */; };
		F35A929AFEFB4AA88195035C /* ContentView.swift in Sources */ = {isa = PBXBuildFile; fileRef = F184875A29674D94A256ADC5 /* ContentView.swift */; };
		FDA0521763A84F778138FFB0 /* DashboardView.swift in Sources */ = {isa = PBXBuildFile; fileRef = D11757F3A77341EF9F99DEDD /* DashboardView.swift */; };
		5DAEE8F76866491FB9D52D98 /* ServerListView.swift in Sources */ = {isa = PBXBuildFile; fileRef = 0C1D897D769F4485A6B51B02 /* ServerListView.swift */; };
		A10000000000000000000020 /* Citadel in Frameworks */ = {isa = PBXBuildFile; productRef = A1000000000000000000000B /* Citadel */; };
/* End PBXBuildFile section */

/* Begin PBXFileReference section */
		BB96D7D305144DB29BE5BC8E /* MetricsSnapshot.swift */ = {isa = PBXFileReference; lastKnownFileType = sourcecode.swift; path = "Models/MetricsSnapshot.swift"; sourceTree = "<group>"; };
		79E392071F66405EB3F6EC72 /* ServerProfile.swift */ = {isa = PBXFileReference; lastKnownFileType = sourcecode.swift; path = "Models/ServerProfile.swift"; sourceTree = "<group>"; };
		78AF4DD9AA7749C39B8F855B /* ServerStatusApp.swift */ = {isa = PBXFileReference; lastKnownFileType = sourcecode.swift; path = "ServerStatusApp.swift"; sourceTree = "<group>"; };
		33548442404A4622AB6457BB /* AppBootstrap.swift */ = {isa = PBXFileReference; lastKnownFileType = sourcecode.swift; path = "Services/AppBootstrap.swift"; sourceTree = "<group>"; };
		24657A64FEAF4B6793819F84 /* AppModel.swift */ = {isa = PBXFileReference; lastKnownFileType = sourcecode.swift; path = "Services/AppModel.swift"; sourceTree = "<group>"; };
		43CC7BEB6C104B4998684A6E /* Formatters.swift */ = {isa = PBXFileReference; lastKnownFileType = sourcecode.swift; path = "Services/Formatters.swift"; sourceTree = "<group>"; };
		FF02839A099F4D1EB2D70F1F /* KeychainStore.swift */ = {isa = PBXFileReference; lastKnownFileType = sourcecode.swift; path = "Services/KeychainStore.swift"; sourceTree = "<group>"; };
		66D2D63AE58C47FD856F324E /* PlatformChrome.swift */ = {isa = PBXFileReference; lastKnownFileType = sourcecode.swift; path = "Services/PlatformChrome.swift"; sourceTree = "<group>"; };
		F279A8D4F82F4179A7E8B1B1 /* PrivateKeyStore.swift */ = {isa = PBXFileReference; lastKnownFileType = sourcecode.swift; path = "Services/PrivateKeyStore.swift"; sourceTree = "<group>"; };
		C64F3B4AC0E34638830530F9 /* RemoteCollectorScript.swift */ = {isa = PBXFileReference; lastKnownFileType = sourcecode.swift; path = "Services/RemoteCollectorScript.swift"; sourceTree = "<group>"; };
		047A939FA7E14260B1EE1DB0 /* SSHSession.swift */ = {isa = PBXFileReference; lastKnownFileType = sourcecode.swift; path = "Services/SSHSession.swift"; sourceTree = "<group>"; };
		FD060AC215F740BD9B09EC6D /* AddServerView.swift */ = {isa = PBXFileReference; lastKnownFileType = sourcecode.swift; path = "Views/AddServerView.swift"; sourceTree = "<group>"; };
		EDC09F8A34E84E5CA085D606 /* DockerPanelView.swift */ = {isa = PBXFileReference; lastKnownFileType = sourcecode.swift; path = "Views/Components/DockerPanelView.swift"; sourceTree = "<group>"; };
		EFB06F43C7964AF38D81A63E /* GaugeView.swift */ = {isa = PBXFileReference; lastKnownFileType = sourcecode.swift; path = "Views/Components/GaugeView.swift"; sourceTree = "<group>"; };
		839C797BD72B407E8E87747F /* OpenClawPanelView.swift */ = {isa = PBXFileReference; lastKnownFileType = sourcecode.swift; path = "Views/Components/OpenClawPanelView.swift"; sourceTree = "<group>"; };
		06679FC572584ABF8911F3BA /* ProcessTableView.swift */ = {isa = PBXFileReference; lastKnownFileType = sourcecode.swift; path = "Views/Components/ProcessTableView.swift"; sourceTree = "<group>"; };
		F184875A29674D94A256ADC5 /* ContentView.swift */ = {isa = PBXFileReference; lastKnownFileType = sourcecode.swift; path = "Views/ContentView.swift"; sourceTree = "<group>"; };
		D11757F3A77341EF9F99DEDD /* DashboardView.swift */ = {isa = PBXFileReference; lastKnownFileType = sourcecode.swift; path = "Views/DashboardView.swift"; sourceTree = "<group>"; };
		0C1D897D769F4485A6B51B02 /* ServerListView.swift */ = {isa = PBXFileReference; lastKnownFileType = sourcecode.swift; path = "Views/ServerListView.swift"; sourceTree = "<group>"; };
		A10000000000000000000006 /* ServerStatus.app */ = {isa = PBXFileReference; explicitFileType = wrapper.application; includeInIndex = 0; path = ServerStatus.app; sourceTree = BUILT_PRODUCTS_DIR; };
/* End PBXFileReference section */

/* Begin PBXFrameworksBuildPhase section */
		A10000000000000000000004 /* Frameworks */ = {
			isa = PBXFrameworksBuildPhase;
			buildActionMask = 2147483647;
			files = (
				A10000000000000000000020 /* Citadel in Frameworks */,
			);
			runOnlyForDeploymentPostprocessing = 0;
		};
/* End PBXFrameworksBuildPhase section */

/* Begin PBXGroup section */
		A10000000000000000000008 = {
			isa = PBXGroup;
			children = (
				A10000000000000000000009 /* ServerStatus */,
				A10000000000000000000007 /* Products */,
			);
			sourceTree = "<group>";
		};
		A10000000000000000000009 /* ServerStatus */ = {
			isa = PBXGroup;
			children = (
				BB96D7D305144DB29BE5BC8E /* MetricsSnapshot.swift */,
				79E392071F66405EB3F6EC72 /* ServerProfile.swift */,
				78AF4DD9AA7749C39B8F855B /* ServerStatusApp.swift */,
				33548442404A4622AB6457BB /* AppBootstrap.swift */,
				24657A64FEAF4B6793819F84 /* AppModel.swift */,
				43CC7BEB6C104B4998684A6E /* Formatters.swift */,
				FF02839A099F4D1EB2D70F1F /* KeychainStore.swift */,
				66D2D63AE58C47FD856F324E /* PlatformChrome.swift */,
				F279A8D4F82F4179A7E8B1B1 /* PrivateKeyStore.swift */,
				C64F3B4AC0E34638830530F9 /* RemoteCollectorScript.swift */,
				047A939FA7E14260B1EE1DB0 /* SSHSession.swift */,
				FD060AC215F740BD9B09EC6D /* AddServerView.swift */,
				EDC09F8A34E84E5CA085D606 /* DockerPanelView.swift */,
				EFB06F43C7964AF38D81A63E /* GaugeView.swift */,
				839C797BD72B407E8E87747F /* OpenClawPanelView.swift */,
				06679FC572584ABF8911F3BA /* ProcessTableView.swift */,
				F184875A29674D94A256ADC5 /* ContentView.swift */,
				D11757F3A77341EF9F99DEDD /* DashboardView.swift */,
				0C1D897D769F4485A6B51B02 /* ServerListView.swift */,
			);
			name = ServerStatus;
			path = Sources/ServerStatus;
			sourceTree = "<group>";
		};
		A10000000000000000000007 /* Products */ = {
			isa = PBXGroup;
			children = (
				A10000000000000000000006 /* ServerStatus.app */,
			);
			name = Products;
			sourceTree = "<group>";
		};
/* End PBXGroup section */

/* Begin PBXNativeTarget section */
		A10000000000000000000002 /* ServerStatus */ = {
			isa = PBXNativeTarget;
			buildConfigurationList = A1000000000000000000000D /* Build configuration list for PBXNativeTarget "ServerStatus" */;
			buildPhases = (
				A10000000000000000000003 /* Sources */,
				A10000000000000000000004 /* Frameworks */,
				A10000000000000000000005 /* Resources */,
			);
			buildRules = (
			);
			dependencies = (
			);
			name = ServerStatus;
			packageProductDependencies = (
				A1000000000000000000000B /* Citadel */,
			);
			productName = ServerStatus;
			productReference = A10000000000000000000006 /* ServerStatus.app */;
			productType = "com.apple.product-type.application";
		};
/* End PBXNativeTarget section */

/* Begin PBXProject section */
		A10000000000000000000001 /* Project object */ = {
			isa = PBXProject;
			attributes = {
				BuildIndependentTargetsInParallel = 1;
				LastSwiftUpdateCheck = 1600;
				LastUpgradeCheck = 1600;
				TargetAttributes = {
					A10000000000000000000002 = {
						CreatedOnToolsVersion = 16.0;
					};
				};
			};
			buildConfigurationList = A1000000000000000000000C /* Build configuration list for PBXProject "ServerStatus" */;
			compatibilityVersion = "Xcode 14.0";
			developmentRegion = en;
			hasScannedForEncodings = 0;
			knownRegions = (
				en,
				Base,
			);
			mainGroup = A10000000000000000000008;
			packageReferences = (
				A1000000000000000000000A /* XCRemoteSwiftPackageReference "Citadel" */,
			);
			productRefGroup = A10000000000000000000007 /* Products */;
			projectDirPath = "";
			projectRoot = "";
			targets = (
				A10000000000000000000002 /* ServerStatus */,
			);
		};
/* End PBXProject section */

/* Begin PBXResourcesBuildPhase section */
		A10000000000000000000005 /* Resources */ = {
			isa = PBXResourcesBuildPhase;
			buildActionMask = 2147483647;
			files = (
			);
			runOnlyForDeploymentPostprocessing = 0;
		};
/* End PBXResourcesBuildPhase section */

/* Begin PBXSourcesBuildPhase section */
		A10000000000000000000003 /* Sources */ = {
			isa = PBXSourcesBuildPhase;
			buildActionMask = 2147483647;
			files = (
				C1EB50965606491EBDC6C89A /* MetricsSnapshot.swift in Sources */,
				F66D7D3E3E704A2D9EDE1A6C /* ServerProfile.swift in Sources */,
				D61D8E8430994260B7FB4AF2 /* ServerStatusApp.swift in Sources */,
				B7C1D36E363846CFB2B5B5D9 /* AppBootstrap.swift in Sources */,
				219D0E89E62840049519E23D /* AppModel.swift in Sources */,
				7F978923C3204851BB4A6212 /* Formatters.swift in Sources */,
				9A17040D11B543E59D95B381 /* KeychainStore.swift in Sources */,
				0F7118ACB48646AEAEB2C4D3 /* PlatformChrome.swift in Sources */,
				179CFAD837A04BB7B3970675 /* PrivateKeyStore.swift in Sources */,
				0E17AAA2B13D485589DAE5CC /* RemoteCollectorScript.swift in Sources */,
				B23B839795134918A45DD746 /* SSHSession.swift in Sources */,
				CDBEB273B3D14D66A897AB21 /* AddServerView.swift in Sources */,
				69E706CA742E43A5ACBBA478 /* DockerPanelView.swift in Sources */,
				C626F613506D4B3CB0326719 /* GaugeView.swift in Sources */,
				E37C9AAF7625447F88EEB70A /* OpenClawPanelView.swift in Sources */,
				A9772A242A6B4FB9A2CB48F5 /* ProcessTableView.swift in Sources */,
				F35A929AFEFB4AA88195035C /* ContentView.swift in Sources */,
				FDA0521763A84F778138FFB0 /* DashboardView.swift in Sources */,
				5DAEE8F76866491FB9D52D98 /* ServerListView.swift in Sources */,
			);
			runOnlyForDeploymentPostprocessing = 0;
		};
/* End PBXSourcesBuildPhase section */

/* Begin XCBuildConfiguration section */
		A1000000000000000000000E /* Debug */ = {
			isa = XCBuildConfiguration;
			buildSettings = {
				ALWAYS_SEARCH_USER_PATHS = NO;
				CLANG_ENABLE_MODULES = YES;
				COPY_PHASE_STRIP = NO;
				DEBUG_INFORMATION_FORMAT = dwarf;
				ENABLE_TESTABILITY = YES;
				GCC_DYNAMIC_NO_PIC = NO;
				ONLY_ACTIVE_ARCH = YES;
				SWIFT_ACTIVE_COMPILATION_CONDITIONS = "DEBUG $(inherited)";
				SWIFT_OPTIMIZATION_LEVEL = "-Onone";
				SWIFT_VERSION = 5.0;
			};
			name = Debug;
		};
		A1000000000000000000000F /* Release */ = {
			isa = XCBuildConfiguration;
			buildSettings = {
				ALWAYS_SEARCH_USER_PATHS = NO;
				CLANG_ENABLE_MODULES = YES;
				COPY_PHASE_STRIP = NO;
				DEBUG_INFORMATION_FORMAT = "dwarf-with-dsym";
				SWIFT_COMPILATION_MODE = wholemodule;
				SWIFT_VERSION = 5.0;
			};
			name = Release;
		};
		A10000000000000000000010 /* Debug */ = {
			isa = XCBuildConfiguration;
			buildSettings = {
				CODE_SIGN_STYLE = Automatic;
				CURRENT_PROJECT_VERSION = 1;
				ENABLE_HARDENED_RUNTIME = YES;
				ENABLE_PREVIEWS = YES;
				GENERATE_INFOPLIST_FILE = YES;
				INFOPLIST_KEY_CFBundleDisplayName = ServerStatus;
				INFOPLIST_KEY_NSLocalNetworkUsageDescription = "用于通过 SSH 连接局域网中的 Ubuntu 服务器";
				INFOPLIST_KEY_UIApplicationSceneManifest_Generation = YES;
				INFOPLIST_KEY_UILaunchScreen_Generation = YES;
				INFOPLIST_KEY_UISupportedInterfaceOrientations_iPad = "UIInterfaceOrientationPortrait UIInterfaceOrientationPortraitUpsideDown UIInterfaceOrientationLandscapeLeft UIInterfaceOrientationLandscapeRight";
				INFOPLIST_KEY_UISupportedInterfaceOrientations_iPhone = "UIInterfaceOrientationPortrait UIInterfaceOrientationLandscapeLeft UIInterfaceOrientationLandscapeRight";
				LD_RUNPATH_SEARCH_PATHS = (
					"$(inherited)",
					"@executable_path/Frameworks",
				);
				MACOSX_DEPLOYMENT_TARGET = 14.0;
				MARKETING_VERSION = 1.0;
				PRODUCT_BUNDLE_IDENTIFIER = com.eppen.ServerStatus;
				PRODUCT_NAME = "$(TARGET_NAME)";
				SDKROOT = auto;
				SUPPORTED_PLATFORMS = "iphoneos iphonesimulator macosx";
				SUPPORTS_MACCATALYST = NO;
				SWIFT_EMIT_LOC_STRINGS = YES;
				SWIFT_VERSION = 5.0;
				TARGETED_DEVICE_FAMILY = "1,2";
				IPHONEOS_DEPLOYMENT_TARGET = 17.0;
			};
			name = Debug;
		};
		A10000000000000000000011 /* Release */ = {
			isa = XCBuildConfiguration;
			buildSettings = {
				CODE_SIGN_STYLE = Automatic;
				CURRENT_PROJECT_VERSION = 1;
				ENABLE_HARDENED_RUNTIME = YES;
				ENABLE_PREVIEWS = YES;
				GENERATE_INFOPLIST_FILE = YES;
				INFOPLIST_KEY_CFBundleDisplayName = ServerStatus;
				INFOPLIST_KEY_NSLocalNetworkUsageDescription = "用于通过 SSH 连接局域网中的 Ubuntu 服务器";
				INFOPLIST_KEY_UIApplicationSceneManifest_Generation = YES;
				INFOPLIST_KEY_UILaunchScreen_Generation = YES;
				INFOPLIST_KEY_UISupportedInterfaceOrientations_iPad = "UIInterfaceOrientationPortrait UIInterfaceOrientationPortraitUpsideDown UIInterfaceOrientationLandscapeLeft UIInterfaceOrientationLandscapeRight";
				INFOPLIST_KEY_UISupportedInterfaceOrientations_iPhone = "UIInterfaceOrientationPortrait UIInterfaceOrientationLandscapeLeft UIInterfaceOrientationLandscapeRight";
				LD_RUNPATH_SEARCH_PATHS = (
					"$(inherited)",
					"@executable_path/Frameworks",
				);
				MACOSX_DEPLOYMENT_TARGET = 14.0;
				MARKETING_VERSION = 1.0;
				PRODUCT_BUNDLE_IDENTIFIER = com.eppen.ServerStatus;
				PRODUCT_NAME = "$(TARGET_NAME)";
				SDKROOT = auto;
				SUPPORTED_PLATFORMS = "iphoneos iphonesimulator macosx";
				SUPPORTS_MACCATALYST = NO;
				SWIFT_EMIT_LOC_STRINGS = YES;
				SWIFT_VERSION = 5.0;
				TARGETED_DEVICE_FAMILY = "1,2";
				IPHONEOS_DEPLOYMENT_TARGET = 17.0;
			};
			name = Release;
		};
/* End XCBuildConfiguration section */

/* Begin XCConfigurationList section */
		A1000000000000000000000C /* Build configuration list for PBXProject "ServerStatus" */ = {
			isa = XCConfigurationList;
			buildConfigurations = (
				A1000000000000000000000E /* Debug */,
				A1000000000000000000000F /* Release */,
			);
			defaultConfigurationIsVisible = 0;
			defaultConfigurationName = Release;
		};
		A1000000000000000000000D /* Build configuration list for PBXNativeTarget "ServerStatus" */ = {
			isa = XCConfigurationList;
			buildConfigurations = (
				A10000000000000000000010 /* Debug */,
				A10000000000000000000011 /* Release */,
			);
			defaultConfigurationIsVisible = 0;
			defaultConfigurationName = Release;
		};
/* End XCConfigurationList section */

/* Begin XCRemoteSwiftPackageReference section */
		A1000000000000000000000A /* XCRemoteSwiftPackageReference "Citadel" */ = {
			isa = XCRemoteSwiftPackageReference;
			repositoryURL = "https://github.com/eppen/Citadel.git";
			requirement = {
				kind = upToNextMajorVersion;
				minimumVersion = 0.11.0;
			};
		};
/* End XCRemoteSwiftPackageReference section */

/* Begin XCSwiftPackageProductDependency section */
		A1000000000000000000000B /* Citadel */ = {
			isa = XCSwiftPackageProductDependency;
			package = A1000000000000000000000A /* XCRemoteSwiftPackageReference "Citadel" */;
			productName = Citadel;
		};
/* End XCSwiftPackageProductDependency section */
	};
	rootObject = A10000000000000000000001 /* Project object */;
}
